
Microsoft Visual Studio Solution File, Format Version 12.00
Project("{FAE04EC0-301F-11D3-BF4B-00C04F79EFBC}") = "FileSort.App", "FileSort.App\FileSort.App.csproj", "{A6C04946-BA29-4507-9EA0-ACCFD59E53B9}"
EndProject
Project("{2150E333-8FDC-42A3-9474-1A3956D46DE8}") = "Tests", "Tests", "{96274BCF-CD02-4DE5-88ED-DF73F3977881}"
EndProject
Project("{FAE04EC0-301F-11D3-BF4B-00C04F79EFBC}") = "FileSort.Core", "FileSort.Core\FileSort.Core.csproj", "{5ED12F02-25E0-4D5A-B453-CA9A5EEED8AE}"
EndProject
Project("{FAE04EC0-301F-11D3-BF4B-00C04F79EFBC}") = "FileSort.Generator", "FileSort.Generator\FileSort.Generator.csproj", "{92D0BE9D-5AC7-451D-951E-9283ECE2F467}"
EndProject
Project("{FAE04EC0-301F-11D3-BF4B-00C04F79EFBC}") = "FileSort.Sorter", "FileSort.Sorter\FileSort.Sorter.csproj", "{93655A68-0CB7-47FA-92AC-DD4175CAFF18}"
EndProject
Global
	GlobalSection(SolutionConfigurationPlatforms) = preSolution
		Debug|Any CPU = Debug|Any CPU
		Release|Any CPU = Release|Any CPU
	EndGlobalSection
	GlobalSection(ProjectConfigurationPlatforms) = postSolution
		{A6C04946-BA29-4507-9EA0-ACCFD59E53B9}.Debug|Any CPU.ActiveCfg = Debug|Any CPU
		{A6C04946-BA29-4507-9EA0-ACCFD59E53B9}.Debug|Any CPU.Build.0 = Debug|Any CPU
		{A6C04946-BA29-4507-9EA0-ACCFD59E53B9}.Release|Any CPU.ActiveCfg = Release|Any CPU
		{A6C04946-BA29-4507-9EA0-ACCFD59E53B9}.Release|Any CPU.Build.0 = Release|Any CPU
		{5ED12F02-25E0-4D5A-B453-CA9A5EEED8AE}.Debug|Any CPU.ActiveCfg = Debug|Any CPU
		{5ED12F02-25E0-4D5A-B453-CA9A5EEED8AE}.Debug|Any CPU.Build.0 = Debug|Any CPU
		{5ED12F02-25E0-4D5A-B453-CA9A5EEED8AE}.Release|Any CPU.ActiveCfg = Release|Any CPU
		{5ED12F02-25E0-4D5A-B453-CA9A5EEED8AE}.Release|Any CPU.Build.0 = Release|Any CPU
		{92D0BE9D-5AC7-451D-951E-9283ECE2F467}.Debug|Any CPU.ActiveCfg = Debug|Any CPU
		{92D0BE9D-5AC7-451D-951E-9283ECE2F467}.Debug|Any CPU.Build.0 = Debug|Any CPU
		{92D0BE9D-5AC7-451D-951E-9283ECE2F467}.Release|Any CPU.ActiveCfg = Release|Any CPU
		{92D0BE9D-5AC7-451D-951E-9283ECE2F467}.Release|Any CPU.Build.0 = Release|Any CPU
		{93655A68-0CB7-47FA-92AC-DD4175CAFF18}.Debug|Any CPU.ActiveCfg = Debug|Any CPU
		{93655A68-0CB7-47FA-92AC-DD4175CAFF18}.Debug|Any CPU.Build.0 = Debug|Any CPU
		{93655A68-0CB7-47FA-92AC-DD4175CAFF18}.Release|Any CPU.ActiveCfg = Release|Any CPU
		{93655A68-0CB7-47FA-92AC-DD4175CAFF18}.Release|Any CPU.Build.0 = Release|Any CPU
	EndGlobalSection
EndGlobal
